
Microsoft Visual Studio Solution File, Format Version 12.00
# Visual Studio 14
VisualStudioVersion = 14.0.25123.0
MinimumVisualStudioVersion = 10.0.40219.1
Project("{FAE04EC0-301F-11D3-BF4B-00C04F79EFBC}") = "M4Class", "M4Class\M4Class.csproj", "{13FAF33A-4791-4196-973C-EF40AABA478F}"
EndProject
Project("{2150E333-8FDC-42A3-9474-1A3956D46DE8}") = "RazorEngine", "RazorEngine", "{567A8FF8-DBAA-4393-B90A-417972E1817A}"
EndProject
Project("{FAE04EC0-301F-11D3-BF4B-00C04F79EFBC}") = "System.Web.Razor", "RazorEngine\System.Web.Razor\System.Web.Razor.csproj", "{881F3FD2-0341-415C-8312-991513D20D3B}"
EndProject
Project("{FAE04EC0-301F-11D3-BF4B-00C04F79EFBC}") = "RazorEngine.Core", "RazorEngine\RazorEngine.Core\RazorEngine.Core.csproj", "{4B6DDE24-50A4-4545-BABC-32F0A5FE9BAF}"
EndProject
Project("{2150E333-8FDC-42A3-9474-1A3956D46DE8}") = "CodeUML", "CodeUML", "{E95C8A16-70B4-444F-BB81-3ACEA5471780}"
EndProject
Project("{F088123C-0E9E-452A-89E6-6BA2F21D5CAC}") = "ModelingProject", "ModelingProject\ModelingProject.modelproj", "{FCD66C12-AD75-4A06-AF09-20D7E85D3AED}"
EndProject
Project("{2150E333-8FDC-42A3-9474-1A3956D46DE8}") = "Common", "Common", "{E1FA8C73-1BE3-4AF7-97EC-C9E4B7794F48}"
EndProject
Project("{FAE04EC0-301F-11D3-BF4B-00C04F79EFBC}") = "MWMS.DAL", "MWMS.DAL\MWMS.DAL.csproj", "{CAC3687F-17FA-4082-B216-449C3335361B}"
EndProject
Project("{2150E333-8FDC-42A3-9474-1A3956D46DE8}") = "BLL", "BLL", "{3EEFFA37-A043-4137-B950-746377322451}"
EndProject
Project("{FAE04EC0-301F-11D3-BF4B-00C04F79EFBC}") = "MWMS.Template", "BLL\MWMS.Template\MWMS.Template.csproj", "{1992D0D5-B513-476E-B16B-B06B709006DA}"
EndProject
Project("{FAE04EC0-301F-11D3-BF4B-00C04F79EFBC}") = "Catch", "Common\Catch\Catch.csproj", "{DAE1F43A-7699-4D94-A787-AFB9D28B9FDD}"
EndProject
Project("{FAE04EC0-301F-11D3-BF4B-00C04F79EFBC}") = "Helper", "Common\Helper\Helper.csproj", "{FCCFB5A1-A771-49CC-AC13-3500C4CDE9F1}"
EndProject
Project("{FAE04EC0-301F-11D3-BF4B-00C04F79EFBC}") = "ModelingProjectLib", "ModelingProjectLib\ModelingProjectLib.csproj", "{A70393A9-38B9-4F6A-A94A-CC57B9AEB1DE}"
EndProject
Project("{FAE04EC0-301F-11D3-BF4B-00C04F79EFBC}") = "AuthtokenFramework", "BLL\UserFramework\AuthtokenFramework.csproj", "{9F27B8A3-1951-4272-8C28-236EF9B07BD6}"
EndProject
Project("{FAE04EC0-301F-11D3-BF4B-00C04F79EFBC}") = "test", "test\test.csproj", "{48DA36ED-953F-430C-8903-720B5DA74133}"
EndProject
Project("{FAE04EC0-301F-11D3-BF4B-00C04F79EFBC}") = "ManagerFramework", "BLL\ManagerFramework\ManagerFramework.csproj", "{44C5CD02-971F-4C95-9CDB-93542C6B3404}"
EndProject
Project("{2150E333-8FDC-42A3-9474-1A3956D46DE8}") = "UI", "UI", "{8EAD4033-5875-4D16-9807-4BCF7EEDD512}"
EndProject
Project("{E24C65DC-7377-472B-9ABA-BC803B73C61A}") = "MainWeb(3)", "MainWeb\", "{E05E5FEF-5E9B-4660-9F5F-CE2798C433EC}"
	ProjectSection(WebsiteProperties) = preProject
		TargetFrameworkMoniker = ".NETFramework,Version%3Dv4.0"
		ProjectReferences = "{44c5cd02-971f-4c95-9cdb-93542c6b3404}|ManagerFramework.dll;{FCCFB5A1-A771-49CC-AC13-3500C4CDE9F1}|Helper.dll;{dae1f43a-7699-4d94-a787-afb9d28b9fdd}|Catch.dll;{9F27B8A3-1951-4272-8C28-236EF9B07BD6}|UserFramework.dll;{CAC3687F-17FA-4082-B216-449C3335361B}|MWMS.DAL.dll;"
		Debug.AspNetCompiler.VirtualPath = "/localhost_1504"
		Debug.AspNetCompiler.PhysicalPath = "MainWeb\"
		Debug.AspNetCompiler.TargetPath = "PrecompiledWeb\localhost_1504\"
		Debug.AspNetCompiler.Updateable = "true"
		Debug.AspNetCompiler.ForceOverwrite = "true"
		Debug.AspNetCompiler.FixedNames = "false"
		Debug.AspNetCompiler.Debug = "True"
		Release.AspNetCompiler.VirtualPath = "/localhost_1504"
		Release.AspNetCompiler.PhysicalPath = "MainWeb\"
		Release.AspNetCompiler.TargetPath = "PrecompiledWeb\localhost_1504\"
		Release.AspNetCompiler.Updateable = "true"
		Release.AspNetCompiler.ForceOverwrite = "true"
		Release.AspNetCompiler.FixedNames = "false"
		Release.AspNetCompiler.Debug = "False"
		VWDPort = "1504"
		VWDVirtualPath = "/"
		SlnRelativePath = "MainWeb\"
	EndProjectSection
EndProject
Project("{FAE04EC0-301F-11D3-BF4B-00C04F79EFBC}") = "MWMS.Configuration", "MWMS.Configuration\MWMS.Configuration.csproj", "{BF4607D8-E195-4C8D-8837-18D80011FE45}"
EndProject
Global
	GlobalSection(SolutionConfigurationPlatforms) = preSolution
		Debug|Any CPU = Debug|Any CPU
		Debug|Mixed Platforms = Debug|Mixed Platforms
		Debug|x86 = Debug|x86
		Release|Any CPU = Release|Any CPU
		Release|Mixed Platforms = Release|Mixed Platforms
		Release|x86 = Release|x86
	EndGlobalSection
	GlobalSection(ProjectConfigurationPlatforms) = postSolution
		{13FAF33A-4791-4196-973C-EF40AABA478F}.Debug|Any CPU.ActiveCfg = Debug|Any CPU
		{13FAF33A-4791-4196-973C-EF40AABA478F}.Debug|Any CPU.Build.0 = Debug|Any CPU
		{13FAF33A-4791-4196-973C-EF40AABA478F}.Debug|Mixed Platforms.ActiveCfg = Debug|Any CPU
		{13FAF33A-4791-4196-973C-EF40AABA478F}.Debug|Mixed Platforms.Build.0 = Debug|Any CPU
		{13FAF33A-4791-4196-973C-EF40AABA478F}.Debug|x86.ActiveCfg = Debug|x86
		{13FAF33A-4791-4196-973C-EF40AABA478F}.Debug|x86.Build.0 = Debug|x86
		{13FAF33A-4791-4196-973C-EF40AABA478F}.Release|Any CPU.ActiveCfg = Release|Any CPU
		{13FAF33A-4791-4196-973C-EF40AABA478F}.Release|Any CPU.Build.0 = Release|Any CPU
		{13FAF33A-4791-4196-973C-EF40AABA478F}.Release|Mixed Platforms.ActiveCfg = Release|x86
		{13FAF33A-4791-4196-973C-EF40AABA478F}.Release|Mixed Platforms.Build.0 = Release|x86
		{13FAF33A-4791-4196-973C-EF40AABA478F}.Release|x86.ActiveCfg = Release|x86
		{13FAF33A-4791-4196-973C-EF40AABA478F}.Release|x86.Build.0 = Release|x86
		{881F3FD2-0341-415C-8312-991513D20D3B}.Debug|Any CPU.ActiveCfg = Debug|Any CPU
		{881F3FD2-0341-415C-8312-991513D20D3B}.Debug|Any CPU.Build.0 = Debug|Any CPU
		{881F3FD2-0341-415C-8312-991513D20D3B}.Debug|Mixed Platforms.ActiveCfg = Debug|Any CPU
		{881F3FD2-0341-415C-8312-991513D20D3B}.Debug|Mixed Platforms.Build.0 = Debug|Any CPU
		{881F3FD2-0341-415C-8312-991513D20D3B}.Debug|x86.ActiveCfg = Debug|Any CPU
		{881F3FD2-0341-415C-8312-991513D20D3B}.Debug|x86.Build.0 = Debug|Any CPU
		{881F3FD2-0341-415C-8312-991513D20D3B}.Release|Any CPU.ActiveCfg = Release|Any CPU
		{881F3FD2-0341-415C-8312-991513D20D3B}.Release|Any CPU.Build.0 = Release|Any CPU
		{881F3FD2-0341-415C-8312-991513D20D3B}.Release|Mixed Platforms.ActiveCfg = Release|Any CPU
		{881F3FD2-0341-415C-8312-991513D20D3B}.Release|Mixed Platforms.Build.0 = Release|Any CPU
		{881F3FD2-0341-415C-8312-991513D20D3B}.Release|x86.ActiveCfg = Release|Any CPU
		{881F3FD2-0341-415C-8312-991513D20D3B}.Release|x86.Build.0 = Release|Any CPU
		{4B6DDE24-50A4-4545-BABC-32F0A5FE9BAF}.Debug|Any CPU.ActiveCfg = Debug|Any CPU
		{4B6DDE24-50A4-4545-BABC-32F0A5FE9BAF}.Debug|Any CPU.Build.0 = Debug|Any CPU
		{4B6DDE24-50A4-4545-BABC-32F0A5FE9BAF}.Debug|Mixed Platforms.ActiveCfg = Debug|Any CPU
		{4B6DDE24-50A4-4545-BABC-32F0A5FE9BAF}.Debug|Mixed Platforms.Build.0 = Debug|Any CPU
		{4B6DDE24-50A4-4545-BABC-32F0A5FE9BAF}.Debug|x86.ActiveCfg = Debug|Any CPU
		{4B6DDE24-50A4-4545-BABC-32F0A5FE9BAF}.Debug|x86.Build.0 = Debug|Any CPU
		{4B6DDE24-50A4-4545-BABC-32F0A5FE9BAF}.Release|Any CPU.ActiveCfg = Release|Any CPU
		{4B6DDE24-50A4-4545-BABC-32F0A5FE9BAF}.Release|Any CPU.Build.0 = Release|Any CPU
		{4B6DDE24-50A4-4545-BABC-32F0A5FE9BAF}.Release|Mixed Platforms.ActiveCfg = Release|Any CPU
		{4B6DDE24-50A4-4545-BABC-32F0A5FE9BAF}.Release|Mixed Platforms.Build.0 = Release|Any CPU
		{4B6DDE24-50A4-4545-BABC-32F0A5FE9BAF}.Release|x86.ActiveCfg = Release|Any CPU
		{4B6DDE24-50A4-4545-BABC-32F0A5FE9BAF}.Release|x86.Build.0 = Release|Any CPU
		{FCD66C12-AD75-4A06-AF09-20D7E85D3AED}.Debug|Any CPU.ActiveCfg = Debug|Any CPU
		{FCD66C12-AD75-4A06-AF09-20D7E85D3AED}.Debug|Any CPU.Build.0 = Debug|Any CPU
		{FCD66C12-AD75-4A06-AF09-20D7E85D3AED}.Debug|Mixed Platforms.ActiveCfg = Debug|Any CPU
		{FCD66C12-AD75-4A06-AF09-20D7E85D3AED}.Debug|Mixed Platforms.Build.0 = Debug|Any CPU
		{FCD66C12-AD75-4A06-AF09-20D7E85D3AED}.Debug|x86.ActiveCfg = Debug|Any CPU
		{FCD66C12-AD75-4A06-AF09-20D7E85D3AED}.Debug|x86.Build.0 = Debug|Any CPU
		{FCD66C12-AD75-4A06-AF09-20D7E85D3AED}.Release|Any CPU.ActiveCfg = Release|Any CPU
		{FCD66C12-AD75-4A06-AF09-20D7E85D3AED}.Release|Any CPU.Build.0 = Release|Any CPU
		{FCD66C12-AD75-4A06-AF09-20D7E85D3AED}.Release|Mixed Platforms.ActiveCfg = Release|Any CPU
		{FCD66C12-AD75-4A06-AF09-20D7E85D3AED}.Release|Mixed Platforms.Build.0 = Release|Any CPU
		{FCD66C12-AD75-4A06-AF09-20D7E85D3AED}.Release|x86.ActiveCfg = Release|Any CPU
		{FCD66C12-AD75-4A06-AF09-20D7E85D3AED}.Release|x86.Build.0 = Release|Any CPU
		{CAC3687F-17FA-4082-B216-449C3335361B}.Debug|Any CPU.ActiveCfg = Debug|Any CPU
		{CAC3687F-17FA-4082-B216-449C3335361B}.Debug|Any CPU.Build.0 = Debug|Any CPU
		{CAC3687F-17FA-4082-B216-449C3335361B}.Debug|Mixed Platforms.ActiveCfg = Debug|Any CPU
		{CAC3687F-17FA-4082-B216-449C3335361B}.Debug|Mixed Platforms.Build.0 = Debug|Any CPU
		{CAC3687F-17FA-4082-B216-449C3335361B}.Debug|x86.ActiveCfg = Debug|Any CPU
		{CAC3687F-17FA-4082-B216-449C3335361B}.Debug|x86.Build.0 = Debug|Any CPU
		{CAC3687F-17FA-4082-B216-449C3335361B}.Release|Any CPU.ActiveCfg = Release|Any CPU
		{CAC3687F-17FA-4082-B216-449C3335361B}.Release|Any CPU.Build.0 = Release|Any CPU
		{CAC3687F-17FA-4082-B216-449C3335361B}.Release|Mixed Platforms.ActiveCfg = Release|Any CPU
		{CAC3687F-17FA-4082-B216-449C3335361B}.Release|Mixed Platforms.Build.0 = Release|Any CPU
		{CAC3687F-17FA-4082-B216-449C3335361B}.Release|x86.ActiveCfg = Release|Any CPU
		{CAC3687F-17FA-4082-B216-449C3335361B}.Release|x86.Build.0 = Release|Any CPU
		{1992D0D5-B513-476E-B16B-B06B709006DA}.Debug|Any CPU.ActiveCfg = Debug|Any CPU
		{1992D0D5-B513-476E-B16B-B06B709006DA}.Debug|Any CPU.Build.0 = Debug|Any CPU
		{1992D0D5-B513-476E-B16B-B06B709006DA}.Debug|Mixed Platforms.ActiveCfg = Debug|Any CPU
		{1992D0D5-B513-476E-B16B-B06B709006DA}.Debug|Mixed Platforms.Build.0 = Debug|Any CPU
		{1992D0D5-B513-476E-B16B-B06B709006DA}.Debug|x86.ActiveCfg = Debug|Any CPU
		{1992D0D5-B513-476E-B16B-B06B709006DA}.Debug|x86.Build.0 = Debug|Any CPU
		{1992D0D5-B513-476E-B16B-B06B709006DA}.Release|Any CPU.ActiveCfg = Release|Any CPU
		{1992D0D5-B513-476E-B16B-B06B709006DA}.Release|Any CPU.Build.0 = Release|Any CPU
		{1992D0D5-B513-476E-B16B-B06B709006DA}.Release|Mixed Platforms.ActiveCfg = Release|Any CPU
		{1992D0D5-B513-476E-B16B-B06B709006DA}.Release|Mixed Platforms.Build.0 = Release|Any CPU
		{1992D0D5-B513-476E-B16B-B06B709006DA}.Release|x86.ActiveCfg = Release|Any CPU
		{1992D0D5-B513-476E-B16B-B06B709006DA}.Release|x86.Build.0 = Release|Any CPU
		{DAE1F43A-7699-4D94-A787-AFB9D28B9FDD}.Debug|Any CPU.ActiveCfg = Debug|Any CPU
		{DAE1F43A-7699-4D94-A787-AFB9D28B9FDD}.Debug|Any CPU.Build.0 = Debug|Any CPU
		{DAE1F43A-7699-4D94-A787-AFB9D28B9FDD}.Debug|Mixed Platforms.ActiveCfg = Debug|Any CPU
		{DAE1F43A-7699-4D94-A787-AFB9D28B9FDD}.Debug|Mixed Platforms.Build.0 = Debug|Any CPU
		{DAE1F43A-7699-4D94-A787-AFB9D28B9FDD}.Debug|x86.ActiveCfg = Debug|Any CPU
		{DAE1F43A-7699-4D94-A787-AFB9D28B9FDD}.Debug|x86.Build.0 = Debug|Any CPU
		{DAE1F43A-7699-4D94-A787-AFB9D28B9FDD}.Release|Any CPU.ActiveCfg = Release|Any CPU
		{DAE1F43A-7699-4D94-A787-AFB9D28B9FDD}.Release|Any CPU.Build.0 = Release|Any CPU
		{DAE1F43A-7699-4D94-A787-AFB9D28B9FDD}.Release|Mixed Platforms.ActiveCfg = Release|Any CPU
		{DAE1F43A-7699-4D94-A787-AFB9D28B9FDD}.Release|Mixed Platforms.Build.0 = Release|Any CPU
		{DAE1F43A-7699-4D94-A787-AFB9D28B9FDD}.Release|x86.ActiveCfg = Release|Any CPU
		{DAE1F43A-7699-4D94-A787-AFB9D28B9FDD}.Release|x86.Build.0 = Release|Any CPU
		{FCCFB5A1-A771-49CC-AC13-3500C4CDE9F1}.Debug|Any CPU.ActiveCfg = Debug|Any CPU
		{FCCFB5A1-A771-49CC-AC13-3500C4CDE9F1}.Debug|Any CPU.Build.0 = Debug|Any CPU
		{FCCFB5A1-A771-49CC-AC13-3500C4CDE9F1}.Debug|Mixed Platforms.ActiveCfg = Debug|Any CPU
		{FCCFB5A1-A771-49CC-AC13-3500C4CDE9F1}.Debug|Mixed Platforms.Build.0 = Debug|Any CPU
		{FCCFB5A1-A771-49CC-AC13-3500C4CDE9F1}.Debug|x86.ActiveCfg = Debug|Any CPU
		{FCCFB5A1-A771-49CC-AC13-3500C4CDE9F1}.Debug|x86.Build.0 = Debug|Any CPU
		{FCCFB5A1-A771-49CC-AC13-3500C4CDE9F1}.Release|Any CPU.ActiveCfg = Release|Any CPU
		{FCCFB5A1-A771-49CC-AC13-3500C4CDE9F1}.Release|Any CPU.Build.0 = Release|Any CPU
		{FCCFB5A1-A771-49CC-AC13-3500C4CDE9F1}.Release|Mixed Platforms.ActiveCfg = Release|Any CPU
		{FCCFB5A1-A771-49CC-AC13-3500C4CDE9F1}.Release|Mixed Platforms.Build.0 = Release|Any CPU
		{FCCFB5A1-A771-49CC-AC13-3500C4CDE9F1}.Release|x86.ActiveCfg = Release|Any CPU
		{FCCFB5A1-A771-49CC-AC13-3500C4CDE9F1}.Release|x86.Build.0 = Release|Any CPU
		{A70393A9-38B9-4F6A-A94A-CC57B9AEB1DE}.Debug|Any CPU.ActiveCfg = Debug|Any CPU
		{A70393A9-38B9-4F6A-A94A-CC57B9AEB1DE}.Debug|Any CPU.Build.0 = Debug|Any CPU
		{A70393A9-38B9-4F6A-A94A-CC57B9AEB1DE}.Debug|Mixed Platforms.ActiveCfg = Debug|Any CPU
		{A70393A9-38B9-4F6A-A94A-CC57B9AEB1DE}.Debug|Mixed Platforms.Build.0 = Debug|Any CPU
		{A70393A9-38B9-4F6A-A94A-CC57B9AEB1DE}.Debug|x86.ActiveCfg = Debug|Any CPU
		{A70393A9-38B9-4F6A-A94A-CC57B9AEB1DE}.Debug|x86.Build.0 = Debug|Any CPU
		{A70393A9-38B9-4F6A-A94A-CC57B9AEB1DE}.Release|Any CPU.ActiveCfg = Release|Any CPU
		{A70393A9-38B9-4F6A-A94A-CC57B9AEB1DE}.Release|Any CPU.Build.0 = Release|Any CPU
		{A70393A9-38B9-4F6A-A94A-CC57B9AEB1DE}.Release|Mixed Platforms.ActiveCfg = Release|Any CPU
		{A70393A9-38B9-4F6A-A94A-CC57B9AEB1DE}.Release|Mixed Platforms.Build.0 = Release|Any CPU
		{A70393A9-38B9-4F6A-A94A-CC57B9AEB1DE}.Release|x86.ActiveCfg = Release|Any CPU
		{A70393A9-38B9-4F6A-A94A-CC57B9AEB1DE}.Release|x86.Build.0 = Release|Any CPU
		{9F27B8A3-1951-4272-8C28-236EF9B07BD6}.Debug|Any CPU.ActiveCfg = Debug|Any CPU
		{9F27B8A3-1951-4272-8C28-236EF9B07BD6}.Debug|Any CPU.Build.0 = Debug|Any CPU
		{9F27B8A3-1951-4272-8C28-236EF9B07BD6}.Debug|Mixed Platforms.ActiveCfg = Debug|Any CPU
		{9F27B8A3-1951-4272-8C28-236EF9B07BD6}.Debug|Mixed Platforms.Build.0 = Debug|Any CPU
		{9F27B8A3-1951-4272-8C28-236EF9B07BD6}.Debug|x86.ActiveCfg = Debug|Any CPU
		{9F27B8A3-1951-4272-8C28-236EF9B07BD6}.Debug|x86.Build.0 = Debug|Any CPU
		{9F27B8A3-1951-4272-8C28-236EF9B07BD6}.Release|Any CPU.ActiveCfg = Release|Any CPU
		{9F27B8A3-1951-4272-8C28-236EF9B07BD6}.Release|Any CPU.Build.0 = Release|Any CPU
		{9F27B8A3-1951-4272-8C28-236EF9B07BD6}.Release|Mixed Platforms.ActiveCfg = Release|Any CPU
		{9F27B8A3-1951-4272-8C28-236EF9B07BD6}.Release|Mixed Platforms.Build.0 = Release|Any CPU
		{9F27B8A3-1951-4272-8C28-236EF9B07BD6}.Release|x86.ActiveCfg = Release|Any CPU
		{9F27B8A3-1951-4272-8C28-236EF9B07BD6}.Release|x86.Build.0 = Release|Any CPU
		{48DA36ED-953F-430C-8903-720B5DA74133}.Debug|Any CPU.ActiveCfg = Debug|Any CPU
		{48DA36ED-953F-430C-8903-720B5DA74133}.Debug|Any CPU.Build.0 = Debug|Any CPU
		{48DA36ED-953F-430C-8903-720B5DA74133}.Debug|Mixed Platforms.ActiveCfg = Debug|Any CPU
		{48DA36ED-953F-430C-8903-720B5DA74133}.Debug|Mixed Platforms.Build.0 = Debug|Any CPU
		{48DA36ED-953F-430C-8903-720B5DA74133}.Debug|x86.ActiveCfg = Debug|Any CPU
		{48DA36ED-953F-430C-8903-720B5DA74133}.Debug|x86.Build.0 = Debug|Any CPU
		{48DA36ED-953F-430C-8903-720B5DA74133}.Release|Any CPU.ActiveCfg = Release|Any CPU
		{48DA36ED-953F-430C-8903-720B5DA74133}.Release|Any CPU.Build.0 = Release|Any CPU
		{48DA36ED-953F-430C-8903-720B5DA74133}.Release|Mixed Platforms.ActiveCfg = Release|Any CPU
		{48DA36ED-953F-430C-8903-720B5DA74133}.Release|Mixed Platforms.Build.0 = Release|Any CPU
		{48DA36ED-953F-430C-8903-720B5DA74133}.Release|x86.ActiveCfg = Release|Any CPU
		{48DA36ED-953F-430C-8903-720B5DA74133}.Release|x86.Build.0 = Release|Any CPU
		{44C5CD02-971F-4C95-9CDB-93542C6B3404}.Debug|Any CPU.ActiveCfg = Debug|Any CPU
		{44C5CD02-971F-4C95-9CDB-93542C6B3404}.Debug|Any CPU.Build.0 = Debug|Any CPU
		{44C5CD02-971F-4C95-9CDB-93542C6B3404}.Debug|Mixed Platforms.ActiveCfg = Debug|Any CPU
		{44C5CD02-971F-4C95-9CDB-93542C6B3404}.Debug|Mixed Platforms.Build.0 = Debug|Any CPU
		{44C5CD02-971F-4C95-9CDB-93542C6B3404}.Debug|x86.ActiveCfg = Debug|Any CPU
		{44C5CD02-971F-4C95-9CDB-93542C6B3404}.Debug|x86.Build.0 = Debug|Any CPU
		{44C5CD02-971F-4C95-9CDB-93542C6B3404}.Release|Any CPU.ActiveCfg = Release|Any CPU
		{44C5CD02-971F-4C95-9CDB-93542C6B3404}.Release|Any CPU.Build.0 = Release|Any CPU
		{44C5CD02-971F-4C95-9CDB-93542C6B3404}.Release|Mixed Platforms.ActiveCfg = Release|Any CPU
		{44C5CD02-971F-4C95-9CDB-93542C6B3404}.Release|Mixed Platforms.Build.0 = Release|Any CPU
		{44C5CD02-971F-4C95-9CDB-93542C6B3404}.Release|x86.ActiveCfg = Release|Any CPU
		{44C5CD02-971F-4C95-9CDB-93542C6B3404}.Release|x86.Build.0 = Release|Any CPU
		{E05E5FEF-5E9B-4660-9F5F-CE2798C433EC}.Debug|Any CPU.ActiveCfg = Debug|Any CPU
		{E05E5FEF-5E9B-4660-9F5F-CE2798C433EC}.Debug|Any CPU.Build.0 = Debug|Any CPU
		{E05E5FEF-5E9B-4660-9F5F-CE2798C433EC}.Debug|Mixed Platforms.ActiveCfg = Debug|Any CPU
		{E05E5FEF-5E9B-4660-9F5F-CE2798C433EC}.Debug|Mixed Platforms.Build.0 = Debug|Any CPU
		{E05E5FEF-5E9B-4660-9F5F-CE2798C433EC}.Debug|x86.ActiveCfg = Debug|Any CPU
		{E05E5FEF-5E9B-4660-9F5F-CE2798C433EC}.Debug|x86.Build.0 = Debug|Any CPU
		{E05E5FEF-5E9B-4660-9F5F-CE2798C433EC}.Release|Any CPU.ActiveCfg = Debug|Any CPU
		{E05E5FEF-5E9B-4660-9F5F-CE2798C433EC}.Release|Any CPU.Build.0 = Debug|Any CPU
		{E05E5FEF-5E9B-4660-9F5F-CE2798C433EC}.Release|Mixed Platforms.ActiveCfg = Debug|Any CPU
		{E05E5FEF-5E9B-4660-9F5F-CE2798C433EC}.Release|Mixed Platforms.Build.0 = Debug|Any CPU
		{E05E5FEF-5E9B-4660-9F5F-CE2798C433EC}.Release|x86.ActiveCfg = Debug|Any CPU
		{E05E5FEF-5E9B-4660-9F5F-CE2798C433EC}.Release|x86.Build.0 = Debug|Any CPU
		{BF4607D8-E195-4C8D-8837-18D80011FE45}.Debug|Any CPU.ActiveCfg = Debug|Any CPU
		{BF4607D8-E195-4C8D-8837-18D80011FE45}.Debug|Any CPU.Build.0 = Debug|Any CPU
		{BF4607D8-E195-4C8D-8837-18D80011FE45}.Debug|Mixed Platforms.ActiveCfg = Debug|Any CPU
		{BF4607D8-E195-4C8D-8837-18D80011FE45}.Debug|Mixed Platforms.Build.0 = Debug|Any CPU
		{BF4607D8-E195-4C8D-8837-18D80011FE45}.Debug|x86.ActiveCfg = Debug|Any CPU
		{BF4607D8-E195-4C8D-8837-18D80011FE45}.Debug|x86.Build.0 = Debug|Any CPU
		{BF4607D8-E195-4C8D-8837-18D80011FE45}.Release|Any CPU.ActiveCfg = Release|Any CPU
		{BF4607D8-E195-4C8D-8837-18D80011FE45}.Release|Any CPU.Build.0 = Release|Any CPU
		{BF4607D8-E195-4C8D-8837-18D80011FE45}.Release|Mixed Platforms.ActiveCfg = Release|Any CPU
		{BF4607D8-E195-4C8D-8837-18D80011FE45}.Release|Mixed Platforms.Build.0 = Release|Any CPU
		{BF4607D8-E195-4C8D-8837-18D80011FE45}.Release|x86.ActiveCfg = Release|Any CPU
		{BF4607D8-E195-4C8D-8837-18D80011FE45}.Release|x86.Build.0 = Release|Any CPU
	EndGlobalSection
	GlobalSection(SolutionProperties) = preSolution
		HideSolutionNode = FALSE
	EndGlobalSection
	GlobalSection(NestedProjects) = preSolution
		{13FAF33A-4791-4196-973C-EF40AABA478F} = {3EEFFA37-A043-4137-B950-746377322451}
		{881F3FD2-0341-415C-8312-991513D20D3B} = {567A8FF8-DBAA-4393-B90A-417972E1817A}
		{4B6DDE24-50A4-4545-BABC-32F0A5FE9BAF} = {567A8FF8-DBAA-4393-B90A-417972E1817A}
		{FCD66C12-AD75-4A06-AF09-20D7E85D3AED} = {E95C8A16-70B4-444F-BB81-3ACEA5471780}
		{1992D0D5-B513-476E-B16B-B06B709006DA} = {3EEFFA37-A043-4137-B950-746377322451}
		{DAE1F43A-7699-4D94-A787-AFB9D28B9FDD} = {E1FA8C73-1BE3-4AF7-97EC-C9E4B7794F48}
		{FCCFB5A1-A771-49CC-AC13-3500C4CDE9F1} = {E1FA8C73-1BE3-4AF7-97EC-C9E4B7794F48}
		{A70393A9-38B9-4F6A-A94A-CC57B9AEB1DE} = {E95C8A16-70B4-444F-BB81-3ACEA5471780}
		{9F27B8A3-1951-4272-8C28-236EF9B07BD6} = {3EEFFA37-A043-4137-B950-746377322451}
		{44C5CD02-971F-4C95-9CDB-93542C6B3404} = {3EEFFA37-A043-4137-B950-746377322451}
		{E05E5FEF-5E9B-4660-9F5F-CE2798C433EC} = {8EAD4033-5875-4D16-9807-4BCF7EEDD512}
	EndGlobalSection
EndGlobal
